// !$*UTF8*$!
{
	archiveVersion = 1;
	classes = {
	};
	objectVersion = 46;
	objects = {

/* Begin PBXBuildFile section */
		043D51991BC16B88008BB79B /* Foundation.framework in Frameworks */ = {isa = PBXBuildFile; fileRef = 043D51981BC16B88008BB79B /* Foundation.framework */; };
		043D519B1BC16B88008BB79B /* CoreGraphics.framework in Frameworks */ = {isa = PBXBuildFile; fileRef = 043D519A1BC16B88008BB79B /* CoreGraphics.framework */; };
		043D519D1BC16B88008BB79B /* UIKit.framework in Frameworks */ = {isa = PBXBuildFile; fileRef = 043D519C1BC16B88008BB79B /* UIKit.framework */; };
		043D519F1BC16B88008BB79B /* CoreData.framework in Frameworks */ = {isa = PBXBuildFile; fileRef = 043D519E1BC16B88008BB79B /* CoreData.framework */; };
		043D51A51BC16B88008BB79B /* InfoPlist.strings in Resources */ = {isa = PBXBuildFile; fileRef = 043D51A31BC16B88008BB79B /* InfoPlist.strings */; };
		043D51A71BC16B88008BB79B /* main.m in Sources */ = {isa = PBXBuildFile; fileRef = 043D51A61BC16B88008BB79B /* main.m */; };
		043D51AB1BC16B88008BB79B /* AppDelegate.m in Sources */ = {isa = PBXBuildFile; fileRef = 043D51AA1BC16B88008BB79B /* AppDelegate.m */; };
		043D51AE1BC16B88008BB79B /* Main.storyboard in Resources */ = {isa = PBXBuildFile; fileRef = 043D51AC1BC16B88008BB79B /* Main.storyboard */; };
		043D51B11BC16B88008BB79B /* SourceControl1.xcdatamodeld in Sources */ = {isa = PBXBuildFile; fileRef = 043D51AF1BC16B88008BB79B /* SourceControl1.xcdatamodeld */; };
		043D51B41BC16B88008BB79B /* MasterViewController.m in Sources */ = {isa = PBXBuildFile; fileRef = 043D51B31BC16B88008BB79B /* MasterViewController.m */; };
		043D51B71BC16B88008BB79B /* DetailViewController.m in Sources */ = {isa = PBXBuildFile; fileRef = 043D51B61BC16B88008BB79B /* DetailViewController.m */; };
		043D51B91BC16B88008BB79B /* Images.xcassets in Resources */ = {isa = PBXBuildFile; fileRef = 043D51B81BC16B88008BB79B /* Images.xcassets */; };
		043D51C01BC16B88008BB79B /* XCTest.framework in Frameworks */ = {isa = PBXBuildFile; fileRef = 043D51BF1BC16B88008BB79B /* XCTest.framework */; };
		043D51C11BC16B88008BB79B /* Foundation.framework in Frameworks */ = {isa = PBXBuildFile; fileRef = 043D51981BC16B88008BB79B /* Foundation.framework */; };
		043D51C21BC16B88008BB79B /* UIKit.framework in Frameworks */ = {isa = PBXBuildFile; fileRef = 043D519C1BC16B88008BB79B /* UIKit.framework */; };
		043D51C31BC16B88008BB79B /* CoreData.framework in Frameworks */ = {isa = PBXBuildFile; fileRef = 043D519E1BC16B88008BB79B /* CoreData.framework */; };
		043D51CB1BC16B88008BB79B /* InfoPlist.strings in Resources */ = {isa = PBXBuildFile; fileRef = 043D51C91BC16B88008BB79B /* InfoPlist.strings */; };
		043D51CD1BC16B88008BB79B /* SourceControl1Tests.m in Sources */ = {isa = PBXBuildFile; fileRef = 043D51CC1BC16B88008BB79B /* SourceControl1Tests.m */; };
/* End PBXBuildFile section */

/* Begin PBXContainerItemProxy section */
		043D51C41BC16B88008BB79B /* PBXContainerItemProxy */ = {
			isa = PBXContainerItemProxy;
			containerPortal = 043D518D1BC16B88008BB79B /* Project object */;
			proxyType = 1;
			remoteGlobalIDString = 043D51941BC16B88008BB79B;
			remoteInfo = SourceControl1;
		};
/* End PBXContainerItemProxy section */

/* Begin PBXFileReference section */
		043D51951BC16B88008BB79B /* SourceControl1.app */ = {isa = PBXFileReference; explicitFileType = wrapper.application; includeInIndex = 0; path = SourceControl1.app; sourceTree = BUILT_PRODUCTS_DIR; };
		043D51981BC16B88008BB79B /* Foundation.framework */ = {isa = PBXFileReference; lastKnownFileType = wrapper.framework; name = Foundation.framework; path = System/Library/Frameworks/Foundation.framework; sourceTree = SDKROOT; };
		043D519A1BC16B88008BB79B /* CoreGraphics.framework */ = {isa = PBXFileReference; lastKnownFileType = wrapper.framework; name = CoreGraphics.framework; path = System/Library/Frameworks/CoreGraphics.framework; sourceTree = SDKROOT; };
		043D519C1BC16B88008BB79B /* UIKit.framework */ = {isa = PBXFileReference; lastKnownFileType = wrapper.framework; name = UIKit.framework; path = System/Library/Frameworks/UIKit.framework; sourceTree = SDKROOT; };
		043D519E1BC16B88008BB79B /* CoreData.framework */ = {isa = PBXFileReference; lastKnownFileType = wrapper.framework; name = CoreData.framework; path = System/Library/Frameworks/CoreData.framework; sourceTree = SDKROOT; };
		043D51A21BC16B88008BB79B /* SourceControl1-Info.plist */ = {isa = PBXFileReference; lastKnownFileType = text.plist.xml; path = "SourceControl1-Info.plist"; sourceTree = "<group>"; };
		043D51A41BC16B88008BB79B /* en */ = {isa = PBXFileReference; lastKnownFileType = text.plist.strings; name = en; path = en.lproj/InfoPlist.strings; sourceTree = "<group>"; };
		043D51A61BC16B88008BB79B /* main.m */ = {isa = PBXFileReference; lastKnownFileType = sourcecode.c.objc; path = main.m; sourceTree = "<group>"; };
		043D51A81BC16B88008BB79B /* SourceControl1-Prefix.pch */ = {isa = PBXFileReference; lastKnownFileType = sourcecode.c.h; path = "SourceControl1-Prefix.pch"; sourceTree = "<group>"; };
		043D51A91BC16B88008BB79B /* AppDelegate.h */ = {isa = PBXFileReference; lastKnownFileType = sourcecode.c.h; path = AppDelegate.h; sourceTree = "<group>"; };
		043D51AA1BC16B88008BB79B /* AppDelegate.m */ = {isa = PBXFileReference; lastKnownFileType = sourcecode.c.objc; path = AppDelegate.m; sourceTree = "<group>"; };
		043D51AD1BC16B88008BB79B /* Base */ = {isa = PBXFileReference; lastKnownFileType = file.storyboard; name = Base; path = Base.lproj/Main.storyboard; sourceTree = "<group>"; };
		043D51B01BC16B88008BB79B /* SourceControl1.xcdatamodel */ = {isa = PBXFileReference; lastKnownFileType = wrapper.xcdatamodel; path = SourceControl1.xcdatamodel; sourceTree = "<group>"; };
		043D51B21BC16B88008BB79B /* MasterViewController.h */ = {isa = PBXFileReference; lastKnownFileType = sourcecode.c.h; path = MasterViewController.h; sourceTree = "<group>"; };
		043D51B31BC16B88008BB79B /* MasterViewController.m */ = {isa = PBXFileReference; lastKnownFileType = sourcecode.c.objc; path = MasterViewController.m; sourceTree = "<group>"; };
		043D51B51BC16B88008BB79B /* DetailViewController.h */ = {isa = PBXFileReference; lastKnownFileType = sourcecode.c.h; path = DetailViewController.h; sourceTree = "<group>"; };
		043D51B61BC16B88008BB79B /* DetailViewController.m */ = {isa = PBXFileReference; lastKnownFileType = sourcecode.c.objc; path = DetailViewController.m; sourceTree = "<group>"; };
		043D51B81BC16B88008BB79B /* Images.xcassets */ = {isa = PBXFileReference; lastKnownFileType = folder.assetcatalog; path = Images.xcassets; sourceTree = "<group>"; };
		043D51BE1BC16B88008BB79B /* SourceControl1Tests.xctest */ = {isa = PBXFileReference; explicitFileType = wrapper.cfbundle; includeInIndex = 0; path = SourceControl1Tests.xctest; sourceTree = BUILT_PRODUCTS_DIR; };
		043D51BF1BC16B88008BB79B /* XCTest.framework */ = {isa = PBXFileReference; lastKnownFileType = wrapper.framework; name = XCTest.framework; path = Library/Frameworks/XCTest.framework; sourceTree = DEVELOPER_DIR; };
		043D51C81BC16B88008BB79B /* SourceControl1Tests-Info.plist */ = {isa = PBXFileReference; lastKnownFileType = text.plist.xml; path = "SourceControl1Tests-Info.plist"; sourceTree = "<group>"; };
		043D51CA1BC16B88008BB79B /* en */ = {isa = PBXFileReference; lastKnownFileType = text.plist.strings; name = en; path = en.lproj/InfoPlist.strings; sourceTree = "<group>"; };
		043D51CC1BC16B88008BB79B /* SourceControl1Tests.m */ = {isa = PBXFileReference; lastKnownFileType = sourcecode.c.objc; path = SourceControl1Tests.m; sourceTree = "<group>"; };
/* End PBXFileReference section */

/* Begin PBXFrameworksBuildPhase section */
		043D51921BC16B88008BB79B /* Frameworks */ = {
			isa = PBXFrameworksBuildPhase;
			buildActionMask = 2147483647;
			files = (
				043D519B1BC16B88008BB79B /* CoreGraphics.framework in Frameworks */,
				043D519F1BC16B88008BB79B /* CoreData.framework in Frameworks */,
				043D519D1BC16B88008BB79B /* UIKit.framework in Frameworks */,
				043D51991BC16B88008BB79B /* Foundation.framework in Frameworks */,
			);
			runOnlyForDeploymentPostprocessing = 0;
		};
		043D51BB1BC16B88008BB79B /* Frameworks */ = {
			isa = PBXFrameworksBuildPhase;
			buildActionMask = 2147483647;
			files = (
				043D51C01BC16B88008BB79B /* XCTest.framework in Frameworks */,
				043D51C31BC16B88008BB79B /* CoreData.framework in Frameworks */,
				043D51C21BC16B88008BB79B /* UIKit.framework in Frameworks */,
				043D51C11BC16B88008BB79B /* Foundation.framework in Frameworks */,
			);
			runOnlyForDeploymentPostprocessing = 0;
		};
/* End PBXFrameworksBuildPhase section */

/* Begin PBXGroup section */
		043D518C1BC16B88008BB79B = {
			isa = PBXGroup;
			children = (
				043D51A01BC16B88008BB79B /* SourceControl1 */,
				043D51C61BC16B88008BB79B /* SourceControl1Tests */,
				043D51971BC16B88008BB79B /* Frameworks */,
				043D51961BC16B88008BB79B /* Products */,
			);
			sourceTree = "<group>";
		};
		043D51961BC16B88008BB79B /* Products */ = {
			isa = PBXGroup;
			children = (
				043D51951BC16B88008BB79B /* SourceControl1.app */,
				043D51BE1BC16B88008BB79B /* SourceControl1Tests.xctest */,
			);
			name = Products;
			sourceTree = "<group>";
		};
		043D51971BC16B88008BB79B /* Frameworks */ = {
			isa = PBXGroup;
			children = (
				043D51981BC16B88008BB79B /* Foundation.framework */,
				043D519A1BC16B88008BB79B /* CoreGraphics.framework */,
				043D519C1BC16B88008BB79B /* UIKit.framework */,
				043D519E1BC16B88008BB79B /* CoreData.framework */,
				043D51BF1BC16B88008BB79B /* XCTest.framework */,
			);
			name = Frameworks;
			sourceTree = "<group>";
		};
		043D51A01BC16B88008BB79B /* SourceControl1 */ = {
			isa = PBXGroup;
			children = (
				043D51A91BC16B88008BB79B /* AppDelegate.h */,
				043D51AA1BC16B88008BB79B /* AppDelegate.m */,
				043D51D71BC1738E008BB79B /* Resources */,
				043D51D61BC17377008BB79B /* View Controllers */,
				043D51A11BC16B88008BB79B /* Supporting Files */,
			);
			path = SourceControl1;
			sourceTree = "<group>";
		};
		043D51A11BC16B88008BB79B /* Supporting Files */ = {
			isa = PBXGroup;
			children = (
				043D51A21BC16B88008BB79B /* SourceControl1-Info.plist */,
				043D51A31BC16B88008BB79B /* InfoPlist.strings */,
				043D51A61BC16B88008BB79B /* main.m */,
				043D51A81BC16B88008BB79B /* SourceControl1-Prefix.pch */,
			);
			name = "Supporting Files";
			sourceTree = "<group>";
		};
		043D51C61BC16B88008BB79B /* SourceControl1Tests */ = {
			isa = PBXGroup;
			children = (
				043D51CC1BC16B88008BB79B /* SourceControl1Tests.m */,
				043D51C71BC16B88008BB79B /* Supporting Files */,
			);
			path = SourceControl1Tests;
			sourceTree = "<group>";
		};
		043D51C71BC16B88008BB79B /* Supporting Files */ = {
			isa = PBXGroup;
			children = (
				043D51C81BC16B88008BB79B /* SourceControl1Tests-Info.plist */,
				043D51C91BC16B88008BB79B /* InfoPlist.strings */,
			);
			name = "Supporting Files";
			sourceTree = "<group>";
		};
		043D51D61BC17377008BB79B /* View Controllers */ = {
			isa = PBXGroup;
			children = (
				043D51B21BC16B88008BB79B /* MasterViewController.h */,
				043D51B31BC16B88008BB79B /* MasterViewController.m */,
				043D51B51BC16B88008BB79B /* DetailViewController.h */,
				043D51B61BC16B88008BB79B /* DetailViewController.m */,
			);
			name = "View Controllers";
			sourceTree = "<group>";
		};
		043D51D71BC1738E008BB79B /* Resources */ = {
			isa = PBXGroup;
			children = (
				043D51AC1BC16B88008BB79B /* Main.storyboard */,
				043D51B81BC16B88008BB79B /* Images.xcassets */,
				043D51AF1BC16B88008BB79B /* SourceControl1.xcdatamodeld */,
			);
			name = Resources;
			sourceTree = "<group>";
		};
/* End PBXGroup section */

/* Begin PBXNativeTarget section */
		043D51941BC16B88008BB79B /* SourceControl1 */ = {
			isa = PBXNativeTarget;
			buildConfigurationList = 043D51D01BC16B88008BB79B /* Build configuration list for PBXNativeTarget "SourceControl1" */;
			buildPhases = (
				043D51911BC16B88008BB79B /* Sources */,
				043D51921BC16B88008BB79B /* Frameworks */,
				043D51931BC16B88008BB79B /* Resources */,
			);
			buildRules = (
			);
			dependencies = (
			);
			name = SourceControl1;
			productName = SourceControl1;
			productReference = 043D51951BC16B88008BB79B /* SourceControl1.app */;
			productType = "com.apple.product-type.application";
		};
		043D51BD1BC16B88008BB79B /* SourceControl1Tests */ = {
			isa = PBXNativeTarget;
			buildConfigurationList = 043D51D31BC16B88008BB79B /* Build configuration list for PBXNativeTarget "SourceControl1Tests" */;
			buildPhases = (
				043D51BA1BC16B88008BB79B /* Sources */,
				043D51BB1BC16B88008BB79B /* Frameworks */,
				043D51BC1BC16B88008BB79B /* Resources */,
			);
			buildRules = (
			);
			dependencies = (
				043D51C51BC16B88008BB79B /* PBXTargetDependency */,
			);
			name = SourceControl1Tests;
			productName = SourceControl1Tests;
			productReference = 043D51BE1BC16B88008BB79B /* SourceControl1Tests.xctest */;
			productType = "com.apple.product-type.bundle.unit-test";
		};
/* End PBXNativeTarget section */

/* Begin PBXProject section */
		043D518D1BC16B88008BB79B /* Project object */ = {
			isa = PBXProject;
			attributes = {
				LastUpgradeCheck = 0510;
				ORGANIZATIONNAME = Lyn;
				TargetAttributes = {
					043D51BD1BC16B88008BB79B = {
						TestTargetID = 043D51941BC16B88008BB79B;
					};
				};
			};
			buildConfigurationList = 043D51901BC16B88008BB79B /* Build configuration list for PBXProject "SourceControl1" */;
			compatibilityVersion = "Xcode 3.2";
			developmentRegion = English;
			hasScannedForEncodings = 0;
			knownRegions = (
				en,
				Base,
			);
			mainGroup = 043D518C1BC16B88008BB79B;
			productRefGroup = 043D51961BC16B88008BB79B /* Products */;
			projectDirPath = "";
			projectRoot = "";
			targets = (
				043D51941BC16B88008BB79B /* SourceControl1 */,
				043D51BD1BC16B88008BB79B /* SourceControl1Tests */,
			);
		};
/* End PBXProject section */

/* Begin PBXResourcesBuildPhase section */
		043D51931BC16B88008BB79B /* Resources */ = {
			isa = PBXResourcesBuildPhase;
			buildActionMask = 2147483647;
			files = (
				043D51B91BC16B88008BB79B /* Images.xcassets in Resources */,
				043D51A51BC16B88008BB79B /* InfoPlist.strings in Resources */,
				043D51AE1BC16B88008BB79B /* Main.storyboard in Resources */,
			);
			runOnlyForDeploymentPostprocessing = 0;
		};
		043D51BC1BC16B88008BB79B /* Resources */ = {
			isa = PBXResourcesBuildPhase;
			buildActionMask = 2147483647;
			files = (
				043D51CB1BC16B88008BB79B /* InfoPlist.strings in Resources */,
			);
			runOnlyForDeploymentPostprocessing = 0;
		};
/* End PBXResourcesBuildPhase section */

/* Begin PBXSourcesBuildPhase section */
		043D51911BC16B88008BB79B /* Sources */ = {
			isa = PBXSourcesBuildPhase;
			buildActionMask = 2147483647;
			files = (
				043D51B71BC16B88008BB79B /* DetailViewController.m in Sources */,
				043D51B41BC16B88008BB79B /* MasterViewController.m in Sources */,
				043D51AB1BC16B88008BB79B /* AppDelegate.m in Sources */,
				043D51B11BC16B88008BB79B /* SourceControl1.xcdatamodeld in Sources */,
				043D51A71BC16B88008BB79B /* main.m in Sources */,
			);
			runOnlyForDeploymentPostprocessing = 0;
		};
		043D51BA1BC16B88008BB79B /* Sources */ = {
			isa = PBXSourcesBuildPhase;
			buildActionMask = 2147483647;
			files = (
				043D51CD1BC16B88008BB79B /* SourceControl1Tests.m in Sources */,
			);
			runOnlyForDeploymentPostprocessing = 0;
		};
/* End PBXSourcesBuildPhase section */

/* Begin PBXTargetDependency section */
		043D51C51BC16B88008BB79B /* PBXTargetDependency */ = {
			isa = PBXTargetDependency;
			target = 043D51941BC16B88008BB79B /* SourceControl1 */;
			targetProxy = 043D51C41BC16B88008BB79B /* PBXContainerItemProxy */;
		};
/* End PBXTargetDependency section */

/* Begin PBXVariantGroup section */
		043D51A31BC16B88008BB79B /* InfoPlist.strings */ = {
			isa = PBXVariantGroup;
			children = (
				043D51A41BC16B88008BB79B /* en */,
			);
			name = InfoPlist.strings;
			sourceTree = "<group>";
		};
		043D51AC1BC16B88008BB79B /* Main.storyboard */ = {
			isa = PBXVariantGroup;
			children = (
				043D51AD1BC16B88008BB79B /* Base */,
			);
			name = Main.storyboard;
			sourceTree = "<group>";
		};
		043D51C91BC16B88008BB79B /* InfoPlist.strings */ = {
			isa = PBXVariantGroup;
			children = (
				043D51CA1BC16B88008BB79B /* en */,
			);
			name = InfoPlist.strings;
			sourceTree = "<group>";
		};
/* End PBXVariantGroup section */

/* Begin XCBuildConfiguration section */
		043D51CE1BC16B88008BB79B /* Debug */ = {
			isa = XCBuildConfiguration;
			buildSettings = {
				ALWAYS_SEARCH_USER_PATHS = NO;
				CLANG_CXX_LANGUAGE_STANDARD = "gnu++0x";
				CLANG_CXX_LIBRARY = "libc++";
				CLANG_ENABLE_MODULES = YES;
				CLANG_ENABLE_OBJC_ARC = YES;
				CLANG_WARN_BOOL_CONVERSION = YES;
				CLANG_WARN_CONSTANT_CONVERSION = YES;
				CLANG_WARN_DIRECT_OBJC_ISA_USAGE = YES_ERROR;
				CLANG_WARN_EMPTY_BODY = YES;
				CLANG_WARN_ENUM_CONVERSION = YES;
				CLANG_WARN_INT_CONVERSION = YES;
				CLANG_WARN_OBJC_ROOT_CLASS = YES_ERROR;
				CLANG_WARN__DUPLICATE_METHOD_MATCH = YES;
				"CODE_SIGN_IDENTITY[sdk=iphoneos*]" = "iPhone Developer";
				COPY_PHASE_STRIP = NO;
				GCC_C_LANGUAGE_STANDARD = gnu99;
				GCC_DYNAMIC_NO_PIC = NO;
				GCC_OPTIMIZATION_LEVEL = 0;
				GCC_PREPROCESSOR_DEFINITIONS = (
					"DEBUG=1",
					"$(inherited)",
				);
				GCC_SYMBOLS_PRIVATE_EXTERN = NO;
				GCC_WARN_64_TO_32_BIT_CONVERSION = YES;
				GCC_WARN_ABOUT_RETURN_TYPE = YES_ERROR;
				GCC_WARN_UNDECLARED_SELECTOR = YES;
				GCC_WARN_UNINITIALIZED_AUTOS = YES_AGGRESSIVE;
				GCC_WARN_UNUSED_FUNCTION = YES;
				GCC_WARN_UNUSED_VARIABLE = YES;
				IPHONEOS_DEPLOYMENT_TARGET = 7.1;
				ONLY_ACTIVE_ARCH = YES;
				SDKROOT = iphoneos;
			};
			name = Debug;
		};
		043D51CF1BC16B88008BB79B /* Release */ = {
			isa = XCBuildConfiguration;
			buildSettings = {
				ALWAYS_SEARCH_USER_PATHS = NO;
				CLANG_CXX_LANGUAGE_STANDARD = "gnu++0x";
				CLANG_CXX_LIBRARY = "libc++";
				CLANG_ENABLE_MODULES = YES;
				CLANG_ENABLE_OBJC_ARC = YES;
				CLANG_WARN_BOOL_CONVERSION = YES;
				CLANG_WARN_CONSTANT_CONVERSION = YES;
				CLANG_WARN_DIRECT_OBJC_ISA_USAGE = YES_ERROR;
				CLANG_WARN_EMPTY_BODY = YES;
				CLANG_WARN_ENUM_CONVERSION = YES;
				CLANG_WARN_INT_CONVERSION = YES;
				CLANG_WARN_OBJC_ROOT_CLASS = YES_ERROR;
				CLANG_WARN__DUPLICATE_METHOD_MATCH = YES;
				"CODE_SIGN_IDENTITY[sdk=iphoneos*]" = "iPhone Developer";
				COPY_PHASE_STRIP = YES;
				ENABLE_NS_ASSERTIONS = NO;
				GCC_C_LANGUAGE_STANDARD = gnu99;
				GCC_WARN_64_TO_32_BIT_CONVERSION = YES;
				GCC_WARN_ABOUT_RETURN_TYPE = YES_ERROR;
				GCC_WARN_UNDECLARED_SELECTOR = YES;
				GCC_WARN_UNINITIALIZED_AUTOS = YES_AGGRESSIVE;
				GCC_WARN_UNUSED_FUNCTION = YES;
				GCC_WARN_UNUSED_VARIABLE = YES;
				IPHONEOS_DEPLOYMENT_TARGET = 7.1;
				SDKROOT = iphoneos;
				VALIDATE_PRODUCT = YES;
			};
			name = Release;
		};
		043D51D11BC16B88008BB79B /* Debug */ = {
			isa = XCBuildConfiguration;
			buildSettings = {
				ASSETCATALOG_COMPILER_APPICON_NAME = AppIcon;
				ASSETCATALOG_COMPILER_LAUNCHIMAGE_NAME = LaunchImage;
				GCC_PRECOMPILE_PREFIX_HEADER = YES;
				GCC_PREFIX_HEADER = "SourceControl1/SourceControl1-Prefix.pch";
				INFOPLIST_FILE = "SourceControl1/SourceControl1-Info.plist";
				PRODUCT_NAME = "$(TARGET_NAME)";
				WRAPPER_EXTENSION = app;
			};
			name = Debug;
		};
		043D51D21BC16B88008BB79B /* Release */ = {
			isa = XCBuildConfiguration;
			buildSettings = {
				ASSETCATALOG_COMPILER_APPICON_NAME = AppIcon;
				ASSETCATALOG_COMPILER_LAUNCHIMAGE_NAME = LaunchImage;
				GCC_PRECOMPILE_PREFIX_HEADER = YES;
				GCC_PREFIX_HEADER = "SourceControl1/SourceControl1-Prefix.pch";
				INFOPLIST_FILE = "SourceControl1/SourceControl1-Info.plist";
				PRODUCT_NAME = "$(TARGET_NAME)";
				WRAPPER_EXTENSION = app;
			};
			name = Release;
		};
		043D51D41BC16B88008BB79B /* Debug */ = {
			isa = XCBuildConfiguration;
			buildSettings = {
				BUNDLE_LOADER = "$(BUILT_PRODUCTS_DIR)/SourceControl1.app/SourceControl1";
				FRAMEWORK_SEARCH_PATHS = (
					"$(SDKROOT)/Developer/Library/Frameworks",
					"$(inherited)",
					"$(DEVELOPER_FRAMEWORKS_DIR)",
				);
				GCC_PRECOMPILE_PREFIX_HEADER = YES;
				GCC_PREFIX_HEADER = "SourceControl1/SourceControl1-Prefix.pch";
				GCC_PREPROCESSOR_DEFINITIONS = (
					"DEBUG=1",
					"$(inherited)",
				);
				INFOPLIST_FILE = "SourceControl1Tests/SourceControl1Tests-Info.plist";
				PRODUCT_NAME = "$(TARGET_NAME)";
				TEST_HOST = "$(BUNDLE_LOADER)";
				WRAPPER_EXTENSION = xctest;
			};
			name = Debug;
		};
		043D51D51BC16B88008BB79B /* Release */ = {
			isa = XCBuildConfiguration;
			buildSettings = {
				BUNDLE_LOADER = "$(BUILT_PRODUCTS_DIR)/SourceControl1.app/SourceControl1";
				FRAMEWORK_SEARCH_PATHS = (
					"$(SDKROOT)/Developer/Library/Frameworks",
					"$(inherited)",
					"$(DEVELOPER_FRAMEWORKS_DIR)",
				);
				GCC_PRECOMPILE_PREFIX_HEADER = YES;
				GCC_PREFIX_HEADER = "SourceControl1/SourceControl1-Prefix.pch";
				INFOPLIST_FILE = "SourceControl1Tests/SourceControl1Tests-Info.plist";
				PRODUCT_NAME = "$(TARGET_NAME)";
				TEST_HOST = "$(BUNDLE_LOADER)";
				WRAPPER_EXTENSION = xctest;
			};
			name = Release;
		};
/* End XCBuildConfiguration section */

/* Begin XCConfigurationList section */
		043D51901BC16B88008BB79B /* Build configuration list for PBXProject "SourceControl1" */ = {
			isa = XCConfigurationList;
			buildConfigurations = (
				043D51CE1BC16B88008BB79B /* Debug */,
				043D51CF1BC16B88008BB79B /* Release */,
			);
			defaultConfigurationIsVisible = 0;
			defaultConfigurationName = Release;
		};
		043D51D01BC16B88008BB79B /* Build configuration list for PBXNativeTarget "SourceControl1" */ = {
			isa = XCConfigurationList;
			buildConfigurations = (
				043D51D11BC16B88008BB79B /* Debug */,
				043D51D21BC16B88008BB79B /* Release */,
			);
			defaultConfigurationIsVisible = 0;
		};
		043D51D31BC16B88008BB79B /* Build configuration list for PBXNativeTarget "SourceControl1Tests" */ = {
			isa = XCConfigurationList;
			buildConfigurations = (
				043D51D41BC16B88008BB79B /* Debug */,
				043D51D51BC16B88008BB79B /* Release */,
			);
			defaultConfigurationIsVisible = 0;
		};
/* End XCConfigurationList section */

/* Begin XCVersionGroup section */
		043D51AF1BC16B88008BB79B /* SourceControl1.xcdatamodeld */ = {
			isa = XCVersionGroup;
			children = (
				043D51B01BC16B88008BB79B /* SourceControl1.xcdatamodel */,
			);
			currentVersion = 043D51B01BC16B88008BB79B /* SourceControl1.xcdatamodel */;
			path = SourceControl1.xcdatamodeld;
			sourceTree = "<group>";
			versionGroupType = wrapper.xcdatamodel;
		};
/* End XCVersionGroup section */
	};
	rootObject = 043D518D1BC16B88008BB79B /* Project object */;
}
